
Microsoft Visual Studio Solution File, Format Version 12.00
# Visual Studio 15
VisualStudioVersion = 15.0.27428.2037
MinimumVisualStudioVersion = 10.0.40219.1
Project("{FAE04EC0-301F-11D3-BF4B-00C04F79EFBC}") = "Kruskal Algorithm", "Kruskal Algorithm\Kruskal Algorithm.csproj", "{5E60929C-019D-404D-901E-712E7208E708}"
EndProject
Global
	GlobalSection(SolutionConfigurationPlatforms) = preSolution
		Debug|Any CPU = Debug|Any CPU
		Release|Any CPU = Release|Any CPU
	EndGlobalSection
	GlobalSection(ProjectConfigurationPlatforms) = postSolution
		{5E60929C-019D-404D-901E-712E7208E708}.Debug|Any CPU.ActiveCfg = Debug|Any CPU
		{5E60929C-019D-404D-901E-712E7208E708}.Debug|Any CPU.Build.0 = Debug|Any CPU
		{5E60929C-019D-404D-901E-712E7208E708}.Release|Any CPU.ActiveCfg = Release|Any CPU
		{5E60929C-019D-404D-901E-712E7208E708}.Release|Any CPU.Build.0 = Release|Any CPU
	EndGlobalSection
	GlobalSection(SolutionProperties) = preSolution
		HideSolutionNode = FALSE
	EndGlobalSection
	GlobalSection(ExtensibilityGlobals) = postSolution
		SolutionGuid = {62A1688F-5A36-4EC0-B143-C7CF52847E19}
	EndGlobalSection
EndGlobal
