
Microsoft Visual Studio Solution File, Format Version 12.00
# Visual Studio 15
VisualStudioVersion = 15.0.26730.15
MinimumVisualStudioVersion = 10.0.40219.1
Project("{FAE04EC0-301F-11D3-BF4B-00C04F79EFBC}") = "Recursive_Call", "Recursive_Call\Recursive_Call.csproj", "{DA130418-553F-46C9-BFB8-20CB1726F08D}"
EndProject
Global
	GlobalSection(SolutionConfigurationPlatforms) = preSolution
		Debug|Any CPU = Debug|Any CPU
		Release|Any CPU = Release|Any CPU
	EndGlobalSection
	GlobalSection(ProjectConfigurationPlatforms) = postSolution
		{DA130418-553F-46C9-BFB8-20CB1726F08D}.Debug|Any CPU.ActiveCfg = Debug|Any CPU
		{DA130418-553F-46C9-BFB8-20CB1726F08D}.Debug|Any CPU.Build.0 = Debug|Any CPU
		{DA130418-553F-46C9-BFB8-20CB1726F08D}.Release|Any CPU.ActiveCfg = Release|Any CPU
		{DA130418-553F-46C9-BFB8-20CB1726F08D}.Release|Any CPU.Build.0 = Release|Any CPU
	EndGlobalSection
	GlobalSection(SolutionProperties) = preSolution
		HideSolutionNode = FALSE
	EndGlobalSection
	GlobalSection(ExtensibilityGlobals) = postSolution
		SolutionGuid = {E98CABB9-916F-473E-8D68-03031AD53316}
	EndGlobalSection
EndGlobal
