
Microsoft Visual Studio Solution File, Format Version 12.00
# Visual Studio 15
VisualStudioVersion = 15.0.26730.15
MinimumVisualStudioVersion = 10.0.40219.1
Project("{FAE04EC0-301F-11D3-BF4B-00C04F79EFBC}") = "loop", "loop\loop.csproj", "{E751EC56-9EE3-4F5F-A306-FECC88C1662E}"
EndProject
Global
	GlobalSection(SolutionConfigurationPlatforms) = preSolution
		Debug|Any CPU = Debug|Any CPU
		Release|Any CPU = Release|Any CPU
	EndGlobalSection
	GlobalSection(ProjectConfigurationPlatforms) = postSolution
		{E751EC56-9EE3-4F5F-A306-FECC88C1662E}.Debug|Any CPU.ActiveCfg = Debug|Any CPU
		{E751EC56-9EE3-4F5F-A306-FECC88C1662E}.Debug|Any CPU.Build.0 = Debug|Any CPU
		{E751EC56-9EE3-4F5F-A306-FECC88C1662E}.Release|Any CPU.ActiveCfg = Release|Any CPU
		{E751EC56-9EE3-4F5F-A306-FECC88C1662E}.Release|Any CPU.Build.0 = Release|Any CPU
	EndGlobalSection
	GlobalSection(SolutionProperties) = preSolution
		HideSolutionNode = FALSE
	EndGlobalSection
	GlobalSection(ExtensibilityGlobals) = postSolution
		SolutionGuid = {6C70CCC9-2494-4BEC-9B32-F4343819DDE1}
	EndGlobalSection
EndGlobal
