
Microsoft Visual Studio Solution File, Format Version 12.00
# Visual Studio 15
VisualStudioVersion = 15.0.27428.2037
MinimumVisualStudioVersion = 10.0.40219.1
Project("{FAE04EC0-301F-11D3-BF4B-00C04F79EFBC}") = "traveling", "traveling\traveling.csproj", "{A923B346-3EEA-4DA8-9938-9659194415D6}"
EndProject
Global
	GlobalSection(SolutionConfigurationPlatforms) = preSolution
		Debug|Any CPU = Debug|Any CPU
		Release|Any CPU = Release|Any CPU
	EndGlobalSection
	GlobalSection(ProjectConfigurationPlatforms) = postSolution
		{A923B346-3EEA-4DA8-9938-9659194415D6}.Debug|Any CPU.ActiveCfg = Debug|Any CPU
		{A923B346-3EEA-4DA8-9938-9659194415D6}.Debug|Any CPU.Build.0 = Debug|Any CPU
		{A923B346-3EEA-4DA8-9938-9659194415D6}.Release|Any CPU.ActiveCfg = Release|Any CPU
		{A923B346-3EEA-4DA8-9938-9659194415D6}.Release|Any CPU.Build.0 = Release|Any CPU
	EndGlobalSection
	GlobalSection(SolutionProperties) = preSolution
		HideSolutionNode = FALSE
	EndGlobalSection
	GlobalSection(ExtensibilityGlobals) = postSolution
		SolutionGuid = {5CFE0D1D-6E4F-4E01-B640-3211E0C93F51}
	EndGlobalSection
EndGlobal
