
Microsoft Visual Studio Solution File, Format Version 12.00
# Visual Studio 15
VisualStudioVersion = 15.0.26730.15
MinimumVisualStudioVersion = 10.0.40219.1
Project("{FAE04EC0-301F-11D3-BF4B-00C04F79EFBC}") = "Binomial_Theorem", "Binomial_Theorem\Binomial_Theorem.csproj", "{AE080242-546D-428C-8986-E3E7870A77A6}"
EndProject
Global
	GlobalSection(SolutionConfigurationPlatforms) = preSolution
		Debug|Any CPU = Debug|Any CPU
		Release|Any CPU = Release|Any CPU
	EndGlobalSection
	GlobalSection(ProjectConfigurationPlatforms) = postSolution
		{AE080242-546D-428C-8986-E3E7870A77A6}.Debug|Any CPU.ActiveCfg = Debug|Any CPU
		{AE080242-546D-428C-8986-E3E7870A77A6}.Debug|Any CPU.Build.0 = Debug|Any CPU
		{AE080242-546D-428C-8986-E3E7870A77A6}.Release|Any CPU.ActiveCfg = Release|Any CPU
		{AE080242-546D-428C-8986-E3E7870A77A6}.Release|Any CPU.Build.0 = Release|Any CPU
	EndGlobalSection
	GlobalSection(SolutionProperties) = preSolution
		HideSolutionNode = FALSE
	EndGlobalSection
	GlobalSection(ExtensibilityGlobals) = postSolution
		SolutionGuid = {B6707BF5-7677-4391-9F93-E49C838FE65E}
	EndGlobalSection
EndGlobal
