
Microsoft Visual Studio Solution File, Format Version 12.00
# Visual Studio 15
VisualStudioVersion = 15.0.26730.15
MinimumVisualStudioVersion = 10.0.40219.1
Project("{FAE04EC0-301F-11D3-BF4B-00C04F79EFBC}") = "Property", "Property\Property.csproj", "{AB8DB780-B64D-42E1-984A-296FD8F0CE65}"
EndProject
Global
	GlobalSection(SolutionConfigurationPlatforms) = preSolution
		Debug|Any CPU = Debug|Any CPU
		Release|Any CPU = Release|Any CPU
	EndGlobalSection
	GlobalSection(ProjectConfigurationPlatforms) = postSolution
		{AB8DB780-B64D-42E1-984A-296FD8F0CE65}.Debug|Any CPU.ActiveCfg = Debug|Any CPU
		{AB8DB780-B64D-42E1-984A-296FD8F0CE65}.Debug|Any CPU.Build.0 = Debug|Any CPU
		{AB8DB780-B64D-42E1-984A-296FD8F0CE65}.Release|Any CPU.ActiveCfg = Release|Any CPU
		{AB8DB780-B64D-42E1-984A-296FD8F0CE65}.Release|Any CPU.Build.0 = Release|Any CPU
	EndGlobalSection
	GlobalSection(SolutionProperties) = preSolution
		HideSolutionNode = FALSE
	EndGlobalSection
	GlobalSection(ExtensibilityGlobals) = postSolution
		SolutionGuid = {5A4B0544-9594-4F66-9A1B-7D81B04CAABA}
	EndGlobalSection
EndGlobal
